// !$*UTF8*$!
{
	archiveVersion = 1;
	classes = {
	};
	objectVersion = 50;
	objects = {

/* Begin PBXBuildFile section */
		29E5E22A1A9E71C2F108487D /* Pods_Pokedex.framework in Frameworks */ = {isa = PBXBuildFile; fileRef = A69CB355153BE6B7FFB1C469 /* Pods_Pokedex.framework */; };
		FC329B3C241F8C000029EC84 /* AppDelegate.swift in Sources */ = {isa = PBXBuildFile; fileRef = FC329B3B241F8C000029EC84 /* AppDelegate.swift */; };
		FC329B3E241F8C000029EC84 /* SceneDelegate.swift in Sources */ = {isa = PBXBuildFile; fileRef = FC329B3D241F8C000029EC84 /* SceneDelegate.swift */; };
		FC329B40241F8C000029EC84 /* ContentView.swift in Sources */ = {isa = PBXBuildFile; fileRef = FC329B3F241F8C000029EC84 /* ContentView.swift */; };
		FC329B42241F8C010029EC84 /* Assets.xcassets in Resources */ = {isa = PBXBuildFile; fileRef = FC329B41241F8C010029EC84 /* Assets.xcassets */; };
		FC329B45241F8C010029EC84 /* Preview Assets.xcassets in Resources */ = {isa = PBXBuildFile; fileRef = FC329B44241F8C010029EC84 /* Preview Assets.xcassets */; };
		FC329B48241F8C010029EC84 /* LaunchScreen.storyboard in Resources */ = {isa = PBXBuildFile; fileRef = FC329B46241F8C010029EC84 /* LaunchScreen.storyboard */; };
		FC329B53241F8C010029EC84 /* PokedexTests.swift in Sources */ = {isa = PBXBuildFile; fileRef = FC329B52241F8C010029EC84 /* PokedexTests.swift */; };
		FC329B5E241F8C010029EC84 /* PokedexUITests.swift in Sources */ = {isa = PBXBuildFile; fileRef = FC329B5D241F8C010029EC84 /* PokedexUITests.swift */; };
		FC329B71241FD7840029EC84 /* PokedexViewController.swift in Sources */ = {isa = PBXBuildFile; fileRef = FC329B70241FD7840029EC84 /* PokedexViewController.swift */; };
		FC329B73241FDC200029EC84 /* PokemonTableViewCell.swift in Sources */ = {isa = PBXBuildFile; fileRef = FC329B72241FDC200029EC84 /* PokemonTableViewCell.swift */; };
		FC329B76241FDE430029EC84 /* JsonParser.swift in Sources */ = {isa = PBXBuildFile; fileRef = FC329B75241FDE430029EC84 /* JsonParser.swift */; };
		FC329B79241FDF5B0029EC84 /* pokemon.json in Resources */ = {isa = PBXBuildFile; fileRef = FC329B78241FDF5B0029EC84 /* pokemon.json */; };
/* End PBXBuildFile section */

/* Begin PBXContainerItemProxy section */
		FC329B4F241F8C010029EC84 /* PBXContainerItemProxy */ = {
			isa = PBXContainerItemProxy;
			containerPortal = FC329B30241F8C000029EC84 /* Project object */;
			proxyType = 1;
			remoteGlobalIDString = FC329B37241F8C000029EC84;
			remoteInfo = Pokedex;
		};
		FC329B5A241F8C010029EC84 /* PBXContainerItemProxy */ = {
			isa = PBXContainerItemProxy;
			containerPortal = FC329B30241F8C000029EC84 /* Project object */;
			proxyType = 1;
			remoteGlobalIDString = FC329B37241F8C000029EC84;
			remoteInfo = Pokedex;
		};
/* End PBXContainerItemProxy section */

/* Begin PBXFileReference section */
		467E7A3DFD6477B565BBFC5D /* Pods-Pokedex.debug.xcconfig */ = {isa = PBXFileReference; includeInIndex = 1; lastKnownFileType = text.xcconfig; name = "Pods-Pokedex.debug.xcconfig"; path = "Target Support Files/Pods-Pokedex/Pods-Pokedex.debug.xcconfig"; sourceTree = "<group>"; };
		5F04227D0685F81F350EFC95 /* Pods-Pokedex.release.xcconfig */ = {isa = PBXFileReference; includeInIndex = 1; lastKnownFileType = text.xcconfig; name = "Pods-Pokedex.release.xcconfig"; path = "Target Support Files/Pods-Pokedex/Pods-Pokedex.release.xcconfig"; sourceTree = "<group>"; };
		A69CB355153BE6B7FFB1C469 /* Pods_Pokedex.framework */ = {isa = PBXFileReference; explicitFileType = wrapper.framework; includeInIndex = 0; path = Pods_Pokedex.framework; sourceTree = BUILT_PRODUCTS_DIR; };
		FC329B38241F8C000029EC84 /* Pokedex.app */ = {isa = PBXFileReference; explicitFileType = wrapper.application; includeInIndex = 0; path = Pokedex.app; sourceTree = BUILT_PRODUCTS_DIR; };
		FC329B3B241F8C000029EC84 /* AppDelegate.swift */ = {isa = PBXFileReference; lastKnownFileType = sourcecode.swift; path = AppDelegate.swift; sourceTree = "<group>"; };
		FC329B3D241F8C000029EC84 /* SceneDelegate.swift */ = {isa = PBXFileReference; lastKnownFileType = sourcecode.swift; path = SceneDelegate.swift; sourceTree = "<group>"; };
		FC329B3F241F8C000029EC84 /* ContentView.swift */ = {isa = PBXFileReference; lastKnownFileType = sourcecode.swift; path = ContentView.swift; sourceTree = "<group>"; };
		FC329B41241F8C010029EC84 /* Assets.xcassets */ = {isa = PBXFileReference; lastKnownFileType = folder.assetcatalog; path = Assets.xcassets; sourceTree = "<group>"; };
		FC329B44241F8C010029EC84 /* Preview Assets.xcassets */ = {isa = PBXFileReference; lastKnownFileType = folder.assetcatalog; path = "Preview Assets.xcassets"; sourceTree = "<group>"; };
		FC329B47241F8C010029EC84 /* Base */ = {isa = PBXFileReference; lastKnownFileType = file.storyboard; name = Base; path = Base.lproj/LaunchScreen.storyboard; sourceTree = "<group>"; };
		FC329B49241F8C010029EC84 /* Info.plist */ = {isa = PBXFileReference; lastKnownFileType = text.plist.xml; path = Info.plist; sourceTree = "<group>"; };
		FC329B4E241F8C010029EC84 /* PokedexTests.xctest */ = {isa = PBXFileReference; explicitFileType = wrapper.cfbundle; includeInIndex = 0; path = PokedexTests.xctest; sourceTree = BUILT_PRODUCTS_DIR; };
		FC329B52241F8C010029EC84 /* PokedexTests.swift */ = {isa = PBXFileReference; lastKnownFileType = sourcecode.swift; path = PokedexTests.swift; sourceTree = "<group>"; };
		FC329B54241F8C010029EC84 /* Info.plist */ = {isa = PBXFileReference; lastKnownFileType = text.plist.xml; path = Info.plist; sourceTree = "<group>"; };
		FC329B59241F8C010029EC84 /* PokedexUITests.xctest */ = {isa = PBXFileReference; explicitFileType = wrapper.cfbundle; includeInIndex = 0; path = PokedexUITests.xctest; sourceTree = BUILT_PRODUCTS_DIR; };
		FC329B5D241F8C010029EC84 /* PokedexUITests.swift */ = {isa = PBXFileReference; lastKnownFileType = sourcecode.swift; path = PokedexUITests.swift; sourceTree = "<group>"; };
		FC329B5F241F8C020029EC84 /* Info.plist */ = {isa = PBXFileReference; lastKnownFileType = text.plist.xml; path = Info.plist; sourceTree = "<group>"; };
		FC329B70241FD7840029EC84 /* PokedexViewController.swift */ = {isa = PBXFileReference; lastKnownFileType = sourcecode.swift; path = PokedexViewController.swift; sourceTree = "<group>"; };
		FC329B72241FDC200029EC84 /* PokemonTableViewCell.swift */ = {isa = PBXFileReference; lastKnownFileType = sourcecode.swift; path = PokemonTableViewCell.swift; sourceTree = "<group>"; };
		FC329B75241FDE430029EC84 /* JsonParser.swift */ = {isa = PBXFileReference; lastKnownFileType = sourcecode.swift; path = JsonParser.swift; sourceTree = "<group>"; };
		FC329B78241FDF5B0029EC84 /* pokemon.json */ = {isa = PBXFileReference; fileEncoding = 4; lastKnownFileType = text.json; path = pokemon.json; sourceTree = "<group>"; };
/* End PBXFileReference section */

/* Begin PBXFrameworksBuildPhase section */
		FC329B35241F8C000029EC84 /* Frameworks */ = {
			isa = PBXFrameworksBuildPhase;
			buildActionMask = 2147483647;
			files = (
				29E5E22A1A9E71C2F108487D /* Pods_Pokedex.framework in Frameworks */,
			);
			runOnlyForDeploymentPostprocessing = 0;
		};
		FC329B4B241F8C010029EC84 /* Frameworks */ = {
			isa = PBXFrameworksBuildPhase;
			buildActionMask = 2147483647;
			files = (
			);
			runOnlyForDeploymentPostprocessing = 0;
		};
		FC329B56241F8C010029EC84 /* Frameworks */ = {
			isa = PBXFrameworksBuildPhase;
			buildActionMask = 2147483647;
			files = (
			);
			runOnlyForDeploymentPostprocessing = 0;
		};
/* End PBXFrameworksBuildPhase section */

/* Begin PBXGroup section */
		D2D516D12FCC5B754ADB28BC /* Pods */ = {
			isa = PBXGroup;
			children = (
				467E7A3DFD6477B565BBFC5D /* Pods-Pokedex.debug.xcconfig */,
				5F04227D0685F81F350EFC95 /* Pods-Pokedex.release.xcconfig */,
			);
			name = Pods;
			path = Pods;
			sourceTree = "<group>";
		};
		EBCDD2545A3BE738D32E69D7 /* Frameworks */ = {
			isa = PBXGroup;
			children = (
				A69CB355153BE6B7FFB1C469 /* Pods_Pokedex.framework */,
			);
			name = Frameworks;
			sourceTree = "<group>";
		};
		FC329B2F241F8C000029EC84 = {
			isa = PBXGroup;
			children = (
				FC329B3A241F8C000029EC84 /* Pokedex */,
				FC329B51241F8C010029EC84 /* PokedexTests */,
				FC329B5C241F8C010029EC84 /* PokedexUITests */,
				FC329B39241F8C000029EC84 /* Products */,
				D2D516D12FCC5B754ADB28BC /* Pods */,
				EBCDD2545A3BE738D32E69D7 /* Frameworks */,
			);
			sourceTree = "<group>";
		};
		FC329B39241F8C000029EC84 /* Products */ = {
			isa = PBXGroup;
			children = (
				FC329B38241F8C000029EC84 /* Pokedex.app */,
				FC329B4E241F8C010029EC84 /* PokedexTests.xctest */,
				FC329B59241F8C010029EC84 /* PokedexUITests.xctest */,
			);
			name = Products;
			sourceTree = "<group>";
		};
		FC329B3A241F8C000029EC84 /* Pokedex */ = {
			isa = PBXGroup;
			children = (
				FC329B77241FDE680029EC84 /* Ressources */,
				FC329B74241FDE240029EC84 /* Services */,
				FC329B6E241FD71B0029EC84 /* View Model */,
				FC329B6D241FD70D0029EC84 /* Model */,
				FC329B6C241FD6FD0029EC84 /* View */,
				FC329B6B241FD6970029EC84 /* Controller */,
				FC329B3B241F8C000029EC84 /* AppDelegate.swift */,
				FC329B3D241F8C000029EC84 /* SceneDelegate.swift */,
				FC329B3F241F8C000029EC84 /* ContentView.swift */,
				FC329B41241F8C010029EC84 /* Assets.xcassets */,
				FC329B46241F8C010029EC84 /* LaunchScreen.storyboard */,
				FC329B49241F8C010029EC84 /* Info.plist */,
				FC329B43241F8C010029EC84 /* Preview Content */,
			);
			path = Pokedex;
			sourceTree = "<group>";
		};
		FC329B43241F8C010029EC84 /* Preview Content */ = {
			isa = PBXGroup;
			children = (
				FC329B44241F8C010029EC84 /* Preview Assets.xcassets */,
			);
			path = "Preview Content";
			sourceTree = "<group>";
		};
		FC329B51241F8C010029EC84 /* PokedexTests */ = {
			isa = PBXGroup;
			children = (
				FC329B52241F8C010029EC84 /* PokedexTests.swift */,
				FC329B54241F8C010029EC84 /* Info.plist */,
			);
			path = PokedexTests;
			sourceTree = "<group>";
		};
		FC329B5C241F8C010029EC84 /* PokedexUITests */ = {
			isa = PBXGroup;
			children = (
				FC329B5D241F8C010029EC84 /* PokedexUITests.swift */,
				FC329B5F241F8C020029EC84 /* Info.plist */,
			);
			path = PokedexUITests;
			sourceTree = "<group>";
		};
		FC329B6B241FD6970029EC84 /* Controller */ = {
			isa = PBXGroup;
			children = (
				FC329B70241FD7840029EC84 /* PokedexViewController.swift */,
			);
			path = Controller;
			sourceTree = "<group>";
		};
		FC329B6C241FD6FD0029EC84 /* View */ = {
			isa = PBXGroup;
			children = (
				FC329B72241FDC200029EC84 /* PokemonTableViewCell.swift */,
			);
			path = View;
			sourceTree = "<group>";
		};
		FC329B6D241FD70D0029EC84 /* Model */ = {
			isa = PBXGroup;
			children = (
			);
			path = Model;
			sourceTree = "<group>";
		};
		FC329B6E241FD71B0029EC84 /* View Model */ = {
			isa = PBXGroup;
			children = (
			);
			path = "View Model";
			sourceTree = "<group>";
		};
		FC329B74241FDE240029EC84 /* Services */ = {
			isa = PBXGroup;
			children = (
				FC329B75241FDE430029EC84 /* JsonParser.swift */,
			);
			path = Services;
			sourceTree = "<group>";
		};
		FC329B77241FDE680029EC84 /* Ressources */ = {
			isa = PBXGroup;
			children = (
				FC329B78241FDF5B0029EC84 /* pokemon.json */,
			);
			path = Ressources;
			sourceTree = "<group>";
		};
/* End PBXGroup section */

/* Begin PBXNativeTarget section */
		FC329B37241F8C000029EC84 /* Pokedex */ = {
			isa = PBXNativeTarget;
			buildConfigurationList = FC329B62241F8C020029EC84 /* Build configuration list for PBXNativeTarget "Pokedex" */;
			buildPhases = (
				8EC647D9695C9A4D567324A1 /* [CP] Check Pods Manifest.lock */,
				FC329B34241F8C000029EC84 /* Sources */,
				FC329B35241F8C000029EC84 /* Frameworks */,
				FC329B36241F8C000029EC84 /* Resources */,
				567FB1FD84E5C3DFAF82ADF7 /* [CP] Embed Pods Frameworks */,
			);
			buildRules = (
			);
			dependencies = (
			);
			name = Pokedex;
			productName = Pokedex;
			productReference = FC329B38241F8C000029EC84 /* Pokedex.app */;
			productType = "com.apple.product-type.application";
		};
		FC329B4D241F8C010029EC84 /* PokedexTests */ = {
			isa = PBXNativeTarget;
			buildConfigurationList = FC329B65241F8C020029EC84 /* Build configuration list for PBXNativeTarget "PokedexTests" */;
			buildPhases = (
				FC329B4A241F8C010029EC84 /* Sources */,
				FC329B4B241F8C010029EC84 /* Frameworks */,
				FC329B4C241F8C010029EC84 /* Resources */,
			);
			buildRules = (
			);
			dependencies = (
				FC329B50241F8C010029EC84 /* PBXTargetDependency */,
			);
			name = PokedexTests;
			productName = PokedexTests;
			productReference = FC329B4E241F8C010029EC84 /* PokedexTests.xctest */;
			productType = "com.apple.product-type.bundle.unit-test";
		};
		FC329B58241F8C010029EC84 /* PokedexUITests */ = {
			isa = PBXNativeTarget;
			buildConfigurationList = FC329B68241F8C020029EC84 /* Build configuration list for PBXNativeTarget "PokedexUITests" */;
			buildPhases = (
				FC329B55241F8C010029EC84 /* Sources */,
				FC329B56241F8C010029EC84 /* Frameworks */,
				FC329B57241F8C010029EC84 /* Resources */,
			);
			buildRules = (
			);
			dependencies = (
				FC329B5B241F8C010029EC84 /* PBXTargetDependency */,
			);
			name = PokedexUITests;
			productName = PokedexUITests;
			productReference = FC329B59241F8C010029EC84 /* PokedexUITests.xctest */;
			productType = "com.apple.product-type.bundle.ui-testing";
		};
/* End PBXNativeTarget section */

/* Begin PBXProject section */
		FC329B30241F8C000029EC84 /* Project object */ = {
			isa = PBXProject;
			attributes = {
				LastSwiftUpdateCheck = 1130;
				LastUpgradeCheck = 1130;
				TargetAttributes = {
					FC329B37241F8C000029EC84 = {
						CreatedOnToolsVersion = 11.3.1;
					};
					FC329B4D241F8C010029EC84 = {
						CreatedOnToolsVersion = 11.3.1;
						TestTargetID = FC329B37241F8C000029EC84;
					};
					FC329B58241F8C010029EC84 = {
						CreatedOnToolsVersion = 11.3.1;
						TestTargetID = FC329B37241F8C000029EC84;
					};
				};
			};
			buildConfigurationList = FC329B33241F8C000029EC84 /* Build configuration list for PBXProject "Pokedex" */;
			compatibilityVersion = "Xcode 9.3";
			developmentRegion = en;
			hasScannedForEncodings = 0;
			knownRegions = (
				en,
				Base,
			);
			mainGroup = FC329B2F241F8C000029EC84;
			productRefGroup = FC329B39241F8C000029EC84 /* Products */;
			projectDirPath = "";
			projectRoot = "";
			targets = (
				FC329B37241F8C000029EC84 /* Pokedex */,
				FC329B4D241F8C010029EC84 /* PokedexTests */,
				FC329B58241F8C010029EC84 /* PokedexUITests */,
			);
		};
/* End PBXProject section */

/* Begin PBXResourcesBuildPhase section */
		FC329B36241F8C000029EC84 /* Resources */ = {
			isa = PBXResourcesBuildPhase;
			buildActionMask = 2147483647;
			files = (
				FC329B48241F8C010029EC84 /* LaunchScreen.storyboard in Resources */,
				FC329B79241FDF5B0029EC84 /* pokemon.json in Resources */,
				FC329B45241F8C010029EC84 /* Preview Assets.xcassets in Resources */,
				FC329B42241F8C010029EC84 /* Assets.xcassets in Resources */,
			);
			runOnlyForDeploymentPostprocessing = 0;
		};
		FC329B4C241F8C010029EC84 /* Resources */ = {
			isa = PBXResourcesBuildPhase;
			buildActionMask = 2147483647;
			files = (
			);
			runOnlyForDeploymentPostprocessing = 0;
		};
		FC329B57241F8C010029EC84 /* Resources */ = {
			isa = PBXResourcesBuildPhase;
			buildActionMask = 2147483647;
			files = (
			);
			runOnlyForDeploymentPostprocessing = 0;
		};
/* End PBXResourcesBuildPhase section */

/* Begin PBXShellScriptBuildPhase section */
		567FB1FD84E5C3DFAF82ADF7 /* [CP] Embed Pods Frameworks */ = {
			isa = PBXShellScriptBuildPhase;
			buildActionMask = 2147483647;
			files = (
			);
			inputFileListPaths = (
				"${PODS_ROOT}/Target Support Files/Pods-Pokedex/Pods-Pokedex-frameworks-${CONFIGURATION}-input-files.xcfilelist",
			);
			name = "[CP] Embed Pods Frameworks";
			outputFileListPaths = (
				"${PODS_ROOT}/Target Support Files/Pods-Pokedex/Pods-Pokedex-frameworks-${CONFIGURATION}-output-files.xcfilelist",
			);
			runOnlyForDeploymentPostprocessing = 0;
			shellPath = /bin/sh;
			shellScript = "\"${PODS_ROOT}/Target Support Files/Pods-Pokedex/Pods-Pokedex-frameworks.sh\"\n";
			showEnvVarsInLog = 0;
		};
		8EC647D9695C9A4D567324A1 /* [CP] Check Pods Manifest.lock */ = {
			isa = PBXShellScriptBuildPhase;
			buildActionMask = 2147483647;
			files = (
			);
			inputFileListPaths = (
			);
			inputPaths = (
				"${PODS_PODFILE_DIR_PATH}/Podfile.lock",
				"${PODS_ROOT}/Manifest.lock",
			);
			name = "[CP] Check Pods Manifest.lock";
			outputFileListPaths = (
			);
			outputPaths = (
				"$(DERIVED_FILE_DIR)/Pods-Pokedex-checkManifestLockResult.txt",
			);
			runOnlyForDeploymentPostprocessing = 0;
			shellPath = /bin/sh;
			shellScript = "diff \"${PODS_PODFILE_DIR_PATH}/Podfile.lock\" \"${PODS_ROOT}/Manifest.lock\" > /dev/null\nif [ $? != 0 ] ; then\n    # print error to STDERR\n    echo \"error: The sandbox is not in sync with the Podfile.lock. Run 'pod install' or update your CocoaPods installation.\" >&2\n    exit 1\nfi\n# This output is used by Xcode 'outputs' to avoid re-running this script phase.\necho \"SUCCESS\" > \"${SCRIPT_OUTPUT_FILE_0}\"\n";
			showEnvVarsInLog = 0;
		};
/* End PBXShellScriptBuildPhase section */

/* Begin PBXSourcesBuildPhase section */
		FC329B34241F8C000029EC84 /* Sources */ = {
			isa = PBXSourcesBuildPhase;
			buildActionMask = 2147483647;
			files = (
				FC329B3C241F8C000029EC84 /* AppDelegate.swift in Sources */,
				FC329B71241FD7840029EC84 /* PokedexViewController.swift in Sources */,
				FC329B76241FDE430029EC84 /* JsonParser.swift in Sources */,
				FC329B3E241F8C000029EC84 /* SceneDelegate.swift in Sources */,
				FC329B73241FDC200029EC84 /* PokemonTableViewCell.swift in Sources */,
				FC329B40241F8C000029EC84 /* ContentView.swift in Sources */,
			);
			runOnlyForDeploymentPostprocessing = 0;
		};
		FC329B4A241F8C010029EC84 /* Sources */ = {
			isa = PBXSourcesBuildPhase;
			buildActionMask = 2147483647;
			files = (
				FC329B53241F8C010029EC84 /* PokedexTests.swift in Sources */,
			);
			runOnlyForDeploymentPostprocessing = 0;
		};
		FC329B55241F8C010029EC84 /* Sources */ = {
			isa = PBXSourcesBuildPhase;
			buildActionMask = 2147483647;
			files = (
				FC329B5E241F8C010029EC84 /* PokedexUITests.swift in Sources */,
			);
			runOnlyForDeploymentPostprocessing = 0;
		};
/* End PBXSourcesBuildPhase section */

/* Begin PBXTargetDependency section */
		FC329B50241F8C010029EC84 /* PBXTargetDependency */ = {
			isa = PBXTargetDependency;
			target = FC329B37241F8C000029EC84 /* Pokedex */;
			targetProxy = FC329B4F241F8C010029EC84 /* PBXContainerItemProxy */;
		};
		FC329B5B241F8C010029EC84 /* PBXTargetDependency */ = {
			isa = PBXTargetDependency;
			target = FC329B37241F8C000029EC84 /* Pokedex */;
			targetProxy = FC329B5A241F8C010029EC84 /* PBXContainerItemProxy */;
		};
/* End PBXTargetDependency section */

/* Begin PBXVariantGroup section */
		FC329B46241F8C010029EC84 /* LaunchScreen.storyboard */ = {
			isa = PBXVariantGroup;
			children = (
				FC329B47241F8C010029EC84 /* Base */,
			);
			name = LaunchScreen.storyboard;
			sourceTree = "<group>";
		};
/* End PBXVariantGroup section */

/* Begin XCBuildConfiguration section */
		FC329B60241F8C020029EC84 /* Debug */ = {
			isa = XCBuildConfiguration;
			buildSettings = {
				ALWAYS_SEARCH_USER_PATHS = NO;
				CLANG_ANALYZER_NONNULL = YES;
				CLANG_ANALYZER_NUMBER_OBJECT_CONVERSION = YES_AGGRESSIVE;
				CLANG_CXX_LANGUAGE_STANDARD = "gnu++14";
				CLANG_CXX_LIBRARY = "libc++";
				CLANG_ENABLE_MODULES = YES;
				CLANG_ENABLE_OBJC_ARC = YES;
				CLANG_ENABLE_OBJC_WEAK = YES;
				CLANG_WARN_BLOCK_CAPTURE_AUTORELEASING = YES;
				CLANG_WARN_BOOL_CONVERSION = YES;
				CLANG_WARN_COMMA = YES;
				CLANG_WARN_CONSTANT_CONVERSION = YES;
				CLANG_WARN_DEPRECATED_OBJC_IMPLEMENTATIONS = YES;
				CLANG_WARN_DIRECT_OBJC_ISA_USAGE = YES_ERROR;
				CLANG_WARN_DOCUMENTATION_COMMENTS = YES;
				CLANG_WARN_EMPTY_BODY = YES;
				CLANG_WARN_ENUM_CONVERSION = YES;
				CLANG_WARN_INFINITE_RECURSION = YES;
				CLANG_WARN_INT_CONVERSION = YES;
				CLANG_WARN_NON_LITERAL_NULL_CONVERSION = YES;
				CLANG_WARN_OBJC_IMPLICIT_RETAIN_SELF = YES;
				CLANG_WARN_OBJC_LITERAL_CONVERSION = YES;
				CLANG_WARN_OBJC_ROOT_CLASS = YES_ERROR;
				CLANG_WARN_RANGE_LOOP_ANALYSIS = YES;
				CLANG_WARN_STRICT_PROTOTYPES = YES;
				CLANG_WARN_SUSPICIOUS_MOVE = YES;
				CLANG_WARN_UNGUARDED_AVAILABILITY = YES_AGGRESSIVE;
				CLANG_WARN_UNREACHABLE_CODE = YES;
				CLANG_WARN__DUPLICATE_METHOD_MATCH = YES;
				COPY_PHASE_STRIP = NO;
				DEBUG_INFORMATION_FORMAT = dwarf;
				ENABLE_STRICT_OBJC_MSGSEND = YES;
				ENABLE_TESTABILITY = YES;
				GCC_C_LANGUAGE_STANDARD = gnu11;
				GCC_DYNAMIC_NO_PIC = NO;
				GCC_NO_COMMON_BLOCKS = YES;
				GCC_OPTIMIZATION_LEVEL = 0;
				GCC_PREPROCESSOR_DEFINITIONS = (
					"DEBUG=1",
					"$(inherited)",
				);
				GCC_WARN_64_TO_32_BIT_CONVERSION = YES;
				GCC_WARN_ABOUT_RETURN_TYPE = YES_ERROR;
				GCC_WARN_UNDECLARED_SELECTOR = YES;
				GCC_WARN_UNINITIALIZED_AUTOS = YES_AGGRESSIVE;
				GCC_WARN_UNUSED_FUNCTION = YES;
				GCC_WARN_UNUSED_VARIABLE = YES;
				IPHONEOS_DEPLOYMENT_TARGET = 13.2;
				MTL_ENABLE_DEBUG_INFO = INCLUDE_SOURCE;
				MTL_FAST_MATH = YES;
				ONLY_ACTIVE_ARCH = YES;
				SDKROOT = iphoneos;
				SWIFT_ACTIVE_COMPILATION_CONDITIONS = DEBUG;
				SWIFT_OPTIMIZATION_LEVEL = "-Onone";
			};
			name = Debug;
		};
		FC329B61241F8C020029EC84 /* Release */ = {
			isa = XCBuildConfiguration;
			buildSettings = {
				ALWAYS_SEARCH_USER_PATHS = NO;
				CLANG_ANALYZER_NONNULL = YES;
				CLANG_ANALYZER_NUMBER_OBJECT_CONVERSION = YES_AGGRESSIVE;
				CLANG_CXX_LANGUAGE_STANDARD = "gnu++14";
				CLANG_CXX_LIBRARY = "libc++";
				CLANG_ENABLE_MODULES = YES;
				CLANG_ENABLE_OBJC_ARC = YES;
				CLANG_ENABLE_OBJC_WEAK = YES;
				CLANG_WARN_BLOCK_CAPTURE_AUTORELEASING = YES;
				CLANG_WARN_BOOL_CONVERSION = YES;
				CLANG_WARN_COMMA = YES;
				CLANG_WARN_CONSTANT_CONVERSION = YES;
				CLANG_WARN_DEPRECATED_OBJC_IMPLEMENTATIONS = YES;
				CLANG_WARN_DIRECT_OBJC_ISA_USAGE = YES_ERROR;
				CLANG_WARN_DOCUMENTATION_COMMENTS = YES;
				CLANG_WARN_EMPTY_BODY = YES;
				CLANG_WARN_ENUM_CONVERSION = YES;
				CLANG_WARN_INFINITE_RECURSION = YES;
				CLANG_WARN_INT_CONVERSION = YES;
				CLANG_WARN_NON_LITERAL_NULL_CONVERSION = YES;
				CLANG_WARN_OBJC_IMPLICIT_RETAIN_SELF = YES;
				CLANG_WARN_OBJC_LITERAL_CONVERSION = YES;
				CLANG_WARN_OBJC_ROOT_CLASS = YES_ERROR;
				CLANG_WARN_RANGE_LOOP_ANALYSIS = YES;
				CLANG_WARN_STRICT_PROTOTYPES = YES;
				CLANG_WARN_SUSPICIOUS_MOVE = YES;
				CLANG_WARN_UNGUARDED_AVAILABILITY = YES_AGGRESSIVE;
				CLANG_WARN_UNREACHABLE_CODE = YES;
				CLANG_WARN__DUPLICATE_METHOD_MATCH = YES;
				COPY_PHASE_STRIP = NO;
				DEBUG_INFORMATION_FORMAT = "dwarf-with-dsym";
				ENABLE_NS_ASSERTIONS = NO;
				ENABLE_STRICT_OBJC_MSGSEND = YES;
				GCC_C_LANGUAGE_STANDARD = gnu11;
				GCC_NO_COMMON_BLOCKS = YES;
				GCC_WARN_64_TO_32_BIT_CONVERSION = YES;
				GCC_WARN_ABOUT_RETURN_TYPE = YES_ERROR;
				GCC_WARN_UNDECLARED_SELECTOR = YES;
				GCC_WARN_UNINITIALIZED_AUTOS = YES_AGGRESSIVE;
				GCC_WARN_UNUSED_FUNCTION = YES;
				GCC_WARN_UNUSED_VARIABLE = YES;
				IPHONEOS_DEPLOYMENT_TARGET = 13.2;
				MTL_ENABLE_DEBUG_INFO = NO;
				MTL_FAST_MATH = YES;
				SDKROOT = iphoneos;
				SWIFT_COMPILATION_MODE = wholemodule;
				SWIFT_OPTIMIZATION_LEVEL = "-O";
				VALIDATE_PRODUCT = YES;
			};
			name = Release;
		};
		FC329B63241F8C020029EC84 /* Debug */ = {
			isa = XCBuildConfiguration;
			baseConfigurationReference = 467E7A3DFD6477B565BBFC5D /* Pods-Pokedex.debug.xcconfig */;
			buildSettings = {
				ASSETCATALOG_COMPILER_APPICON_NAME = AppIcon;
				CODE_SIGN_STYLE = Automatic;
				DEVELOPMENT_ASSET_PATHS = "\"Pokedex/Preview Content\"";
				ENABLE_PREVIEWS = YES;
				INFOPLIST_FILE = Pokedex/Info.plist;
				LD_RUNPATH_SEARCH_PATHS = (
					"$(inherited)",
					"@executable_path/Frameworks",
				);
				PRODUCT_BUNDLE_IDENTIFIER = "Coding-factory.Pokedex";
				PRODUCT_NAME = "$(TARGET_NAME)";
				SWIFT_VERSION = 5.0;
				TARGETED_DEVICE_FAMILY = "1,2";
			};
			name = Debug;
		};
		FC329B64241F8C020029EC84 /* Release */ = {
			isa = XCBuildConfiguration;
			baseConfigurationReference = 5F04227D0685F81F350EFC95 /* Pods-Pokedex.release.xcconfig */;
			buildSettings = {
				ASSETCATALOG_COMPILER_APPICON_NAME = AppIcon;
				CODE_SIGN_STYLE = Automatic;
				DEVELOPMENT_ASSET_PATHS = "\"Pokedex/Preview Content\"";
				ENABLE_PREVIEWS = YES;
				INFOPLIST_FILE = Pokedex/Info.plist;
				LD_RUNPATH_SEARCH_PATHS = (
					"$(inherited)",
					"@executable_path/Frameworks",
				);
				PRODUCT_BUNDLE_IDENTIFIER = "Coding-factory.Pokedex";
				PRODUCT_NAME = "$(TARGET_NAME)";
				SWIFT_VERSION = 5.0;
				TARGETED_DEVICE_FAMILY = "1,2";
			};
			name = Release;
		};
		FC329B66241F8C020029EC84 /* Debug */ = {
			isa = XCBuildConfiguration;
			buildSettings = {
				ALWAYS_EMBED_SWIFT_STANDARD_LIBRARIES = YES;
				BUNDLE_LOADER = "$(TEST_HOST)";
				CODE_SIGN_STYLE = Automatic;
				INFOPLIST_FILE = PokedexTests/Info.plist;
				IPHONEOS_DEPLOYMENT_TARGET = 13.2;
				LD_RUNPATH_SEARCH_PATHS = (
					"$(inherited)",
					"@executable_path/Frameworks",
					"@loader_path/Frameworks",
				);
				PRODUCT_BUNDLE_IDENTIFIER = "Coding-factory.PokedexTests";
				PRODUCT_NAME = "$(TARGET_NAME)";
				SWIFT_VERSION = 5.0;
				TARGETED_DEVICE_FAMILY = "1,2";
				TEST_HOST = "$(BUILT_PRODUCTS_DIR)/Pokedex.app/Pokedex";
			};
			name = Debug;
		};
		FC329B67241F8C020029EC84 /* Release */ = {
			isa = XCBuildConfiguration;
			buildSettings = {
				ALWAYS_EMBED_SWIFT_STANDARD_LIBRARIES = YES;
				BUNDLE_LOADER = "$(TEST_HOST)";
				CODE_SIGN_STYLE = Automatic;
				INFOPLIST_FILE = PokedexTests/Info.plist;
				IPHONEOS_DEPLOYMENT_TARGET = 13.2;
				LD_RUNPATH_SEARCH_PATHS = (
					"$(inherited)",
					"@executable_path/Frameworks",
					"@loader_path/Frameworks",
				);
				PRODUCT_BUNDLE_IDENTIFIER = "Coding-factory.PokedexTests";
				PRODUCT_NAME = "$(TARGET_NAME)";
				SWIFT_VERSION = 5.0;
				TARGETED_DEVICE_FAMILY = "1,2";
				TEST_HOST = "$(BUILT_PRODUCTS_DIR)/Pokedex.app/Pokedex";
			};
			name = Release;
		};
		FC329B69241F8C020029EC84 /* Debug */ = {
			isa = XCBuildConfiguration;
			buildSettings = {
				ALWAYS_EMBED_SWIFT_STANDARD_LIBRARIES = YES;
				CODE_SIGN_STYLE = Automatic;
				INFOPLIST_FILE = PokedexUITests/Info.plist;
				LD_RUNPATH_SEARCH_PATHS = (
					"$(inherited)",
					"@executable_path/Frameworks",
					"@loader_path/Frameworks",
				);
				PRODUCT_BUNDLE_IDENTIFIER = "Coding-factory.PokedexUITests";
				PRODUCT_NAME = "$(TARGET_NAME)";
				SWIFT_VERSION = 5.0;
				TARGETED_DEVICE_FAMILY = "1,2";
				TEST_TARGET_NAME = Pokedex;
			};
			name = Debug;
		};
		FC329B6A241F8C020029EC84 /* Release */ = {
			isa = XCBuildConfiguration;
			buildSettings = {
				ALWAYS_EMBED_SWIFT_STANDARD_LIBRARIES = YES;
				CODE_SIGN_STYLE = Automatic;
				INFOPLIST_FILE = PokedexUITests/Info.plist;
				LD_RUNPATH_SEARCH_PATHS = (
					"$(inherited)",
					"@executable_path/Frameworks",
					"@loader_path/Frameworks",
				);
				PRODUCT_BUNDLE_IDENTIFIER = "Coding-factory.PokedexUITests";
				PRODUCT_NAME = "$(TARGET_NAME)";
				SWIFT_VERSION = 5.0;
				TARGETED_DEVICE_FAMILY = "1,2";
				TEST_TARGET_NAME = Pokedex;
			};
			name = Release;
		};
/* End XCBuildConfiguration section */

/* Begin XCConfigurationList section */
		FC329B33241F8C000029EC84 /* Build configuration list for PBXProject "Pokedex" */ = {
			isa = XCConfigurationList;
			buildConfigurations = (
				FC329B60241F8C020029EC84 /* Debug */,
				FC329B61241F8C020029EC84 /* Release */,
			);
			defaultConfigurationIsVisible = 0;
			defaultConfigurationName = Release;
		};
		FC329B62241F8C020029EC84 /* Build configuration list for PBXNativeTarget "Pokedex" */ = {
			isa = XCConfigurationList;
			buildConfigurations = (
				FC329B63241F8C020029EC84 /* Debug */,
				FC329B64241F8C020029EC84 /* Release */,
			);
			defaultConfigurationIsVisible = 0;
			defaultConfigurationName = Release;
		};
		FC329B65241F8C020029EC84 /* Build configuration list for PBXNativeTarget "PokedexTests" */ = {
			isa = XCConfigurationList;
			buildConfigurations = (
				FC329B66241F8C020029EC84 /* Debug */,
				FC329B67241F8C020029EC84 /* Release */,
			);
			defaultConfigurationIsVisible = 0;
			defaultConfigurationName = Release;
		};
		FC329B68241F8C020029EC84 /* Build configuration list for PBXNativeTarget "PokedexUITests" */ = {
			isa = XCConfigurationList;
			buildConfigurations = (
				FC329B69241F8C020029EC84 /* Debug */,
				FC329B6A241F8C020029EC84 /* Release */,
			);
			defaultConfigurationIsVisible = 0;
			defaultConfigurationName = Release;
		};
/* End XCConfigurationList section */
	};
	rootObject = FC329B30241F8C000029EC84 /* Project object */;
}
